
Microsoft Visual Studio Solution File, Format Version 12.00
# Visual Studio Version 17
VisualStudioVersion = 17.6.33801.468
MinimumVisualStudioVersion = 10.0.40219.1
Project("{FAE04EC0-301F-11D3-BF4B-00C04F79EFBC}") = "lockScreen", "lockScreen\lockScreen.csproj", "{842C3449-DA45-4D1D-8D09-C14A00B6DFFE}"
EndProject
Global
	GlobalSection(SolutionConfigurationPlatforms) = preSolution
		Debug|Any CPU = Debug|Any CPU
		Release|Any CPU = Release|Any CPU
	EndGlobalSection
	GlobalSection(ProjectConfigurationPlatforms) = postSolution
		{842C3449-DA45-4D1D-8D09-C14A00B6DFFE}.Debug|Any CPU.ActiveCfg = Debug|Any CPU
		{842C3449-DA45-4D1D-8D09-C14A00B6DFFE}.Debug|Any CPU.Build.0 = Debug|Any CPU
		{842C3449-DA45-4D1D-8D09-C14A00B6DFFE}.Release|Any CPU.ActiveCfg = Release|Any CPU
		{842C3449-DA45-4D1D-8D09-C14A00B6DFFE}.Release|Any CPU.Build.0 = Release|Any CPU
	EndGlobalSection
	GlobalSection(SolutionProperties) = preSolution
		HideSolutionNode = FALSE
	EndGlobalSection
	GlobalSection(ExtensibilityGlobals) = postSolution
		SolutionGuid = {877B2CED-4715-4B46-B084-7D66EBC8168C}
	EndGlobalSection
EndGlobal
